// !$*UTF8*$!
{
	archiveVersion = 1;
	classes = {
	};
	objectVersion = 77;
	objects = {

/* Begin PBXContainerItemProxy section */
		BD5C4FA22F3B61CC0098EFB1 /* PBXContainerItemProxy */ = {
			isa = PBXContainerItemProxy;
			containerPortal = BD5C4F8A2F3B61CB0098EFB1 /* Project object */;
			proxyType = 1;
			remoteGlobalIDString = BD5C4F912F3B61CB0098EFB1;
			remoteInfo = HealthTracker2;
		};
		BD5C4FAC2F3B61CC0098EFB1 /* PBXContainerItemProxy */ = {
			isa = PBXContainerItemProxy;
			containerPortal = BD5C4F8A2F3B61CB0098EFB1 /* Project object */;
			proxyType = 1;
			remoteGlobalIDString = BD5C4F912F3B61CB0098EFB1;
			remoteInfo = HealthTracker2;
		};
/* End PBXContainerItemProxy section */

/* Begin PBXFileReference section */
		BD5C4F922F3B61CB0098EFB1 /* HealthTracker2.app */ = {isa = PBXFileReference; explicitFileType = wrapper.application; includeInIndex = 0; path = HealthTracker2.app; sourceTree = BUILT_PRODUCTS_DIR; };
		BD5C4FA12F3B61CC0098EFB1 /* HealthTracker2Tests.xctest */ = {isa = PBXFileReference; explicitFileType = wrapper.cfbundle; includeInIndex = 0; path = HealthTracker2Tests.xctest; sourceTree = BUILT_PRODUCTS_DIR; };
		BD5C4FAB2F3B61CC0098EFB1 /* HealthTracker2UITests.xctest */ = {isa = PBXFileReference; explicitFileType = wrapper.cfbundle; includeInIndex = 0; path = HealthTracker2UITests.xctest; sourceTree = BUILT_PRODUCTS_DIR; };
/* End PBXFileReference section */

/* Begin PBXFileSystemSynchronizedBuildFileExceptionSet section */
		BD5C4FD12F3B999B0098EFB1 /* Exceptions for "HealthTracker2" folder in "HealthTracker2" target */ = {
			isa = PBXFileSystemSynchronizedBuildFileExceptionSet;
			membershipExceptions = (
				Info.plist,
			);
			target = BD5C4F912F3B61CB0098EFB1 /* HealthTracker2 */;
		};
/* End PBXFileSystemSynchronizedBuildFileExceptionSet section */

/* Begin PBXFileSystemSynchronizedRootGroup section */
		BD5C4F942F3B61CB0098EFB1 /* HealthTracker2 */ = {
			isa = PBXFileSystemSynchronizedRootGroup;
			exceptions = (
				BD5C4FD12F3B999B0098EFB1 /* Exceptions for "HealthTracker2" folder in "HealthTracker2" target */,
			);
			path = HealthTracker2;
			sourceTree = "<group>";
		};
		BD5C4FA42F3B61CC0098EFB1 /* HealthTracker2Tests */ = {
			isa = PBXFileSystemSynchronizedRootGroup;
			path = HealthTracker2Tests;
			sourceTree = "<group>";
		};
		BD5C4FAE2F3B61CC0098EFB1 /* HealthTracker2UITests */ = {
			isa = PBXFileSystemSynchronizedRootGroup;
			path = HealthTracker2UITests;
			sourceTree = "<group>";
		};
/* End PBXFileSystemSynchronizedRootGroup section */

/* Begin PBXFrameworksBuildPhase section */
		BD5C4F8F2F3B61CB0098EFB1 /* Frameworks */ = {
			isa = PBXFrameworksBuildPhase;
			buildActionMask = 2147483647;
			files = (
			);
			runOnlyForDeploymentPostprocessing = 0;
		};
		BD5C4F9E2F3B61CC0098EFB1 /* Frameworks */ = {
			isa = PBXFrameworksBuildPhase;
			buildActionMask = 2147483647;
			files = (
			);
			runOnlyForDeploymentPostprocessing = 0;
		};
		BD5C4FA82F3B61CC0098EFB1 /* Frameworks */ = {
			isa = PBXFrameworksBuildPhase;
			buildActionMask = 2147483647;
			files = (
			);
			runOnlyForDeploymentPostprocessing = 0;
		};
/* End PBXFrameworksBuildPhase section */

/* Begin PBXGroup section */
		BD5C4F892F3B61CB0098EFB1 = {
			isa = PBXGroup;
			children = (
				BD5C4F942F3B61CB0098EFB1 /* HealthTracker2 */,
				BD5C4FA42F3B61CC0098EFB1 /* HealthTracker2Tests */,
				BD5C4FAE2F3B61CC0098EFB1 /* HealthTracker2UITests */,
				BD5C4F932F3B61CB0098EFB1 /* Products */,
			);
			sourceTree = "<group>";
		};
		BD5C4F932F3B61CB0098EFB1 /* Products */ = {
			isa = PBXGroup;
			children = (
				BD5C4F922F3B61CB0098EFB1 /* HealthTracker2.app */,
				BD5C4FA12F3B61CC0098EFB1 /* HealthTracker2Tests.xctest */,
				BD5C4FAB2F3B61CC0098EFB1 /* HealthTracker2UITests.xctest */,
			);
			name = Products;
			sourceTree = "<group>";
		};
/* End PBXGroup section */

/* Begin PBXNativeTarget section */
		BD5C4F912F3B61CB0098EFB1 /* HealthTracker2 */ = {
			isa = PBXNativeTarget;
			buildConfigurationList = BD5C4FB52F3B61CC0098EFB1 /* Build configuration list for PBXNativeTarget "HealthTracker2" */;
			buildPhases = (
				BD5C4F8E2F3B61CB0098EFB1 /* Sources */,
				BD5C4F8F2F3B61CB0098EFB1 /* Frameworks */,
				BD5C4F902F3B61CB0098EFB1 /* Resources */,
			);
			buildRules = (
			);
			dependencies = (
			);
			fileSystemSynchronizedGroups = (
				BD5C4F942F3B61CB0098EFB1 /* HealthTracker2 */,
			);
			name = HealthTracker2;
			packageProductDependencies = (
			);
			productName = HealthTracker2;
			productReference = BD5C4F922F3B61CB0098EFB1 /* HealthTracker2.app */;
			productType = "com.apple.product-type.application";
		};
		BD5C4FA02F3B61CC0098EFB1 /* HealthTracker2Tests */ = {
			isa = PBXNativeTarget;
			buildConfigurationList = BD5C4FB82F3B61CC0098EFB1 /* Build configuration list for PBXNativeTarget "HealthTracker2Tests" */;
			buildPhases = (
				BD5C4F9D2F3B61CC0098EFB1 /* Sources */,
				BD5C4F9E2F3B61CC0098EFB1 /* Frameworks */,
				BD5C4F9F2F3B61CC0098EFB1 /* Resources */,
			);
			buildRules = (
			);
			dependencies = (
				BD5C4FA32F3B61CC0098EFB1 /* PBXTargetDependency */,
			);
			fileSystemSynchronizedGroups = (
				BD5C4FA42F3B61CC0098EFB1 /* HealthTracker2Tests */,
			);
			name = HealthTracker2Tests;
			packageProductDependencies = (
			);
			productName = HealthTracker2Tests;
			productReference = BD5C4FA12F3B61CC0098EFB1 /* HealthTracker2Tests.xctest */;
			productType = "com.apple.product-type.bundle.unit-test";
		};
		BD5C4FAA2F3B61CC0098EFB1 /* HealthTracker2UITests */ = {
			isa = PBXNativeTarget;
			buildConfigurationList = BD5C4FBB2F3B61CC0098EFB1 /* Build configuration list for PBXNativeTarget "HealthTracker2UITests" */;
			buildPhases = (
				BD5C4FA72F3B61CC0098EFB1 /* Sources */,
				BD5C4FA82F3B61CC0098EFB1 /* Frameworks */,
				BD5C4FA92F3B61CC0098EFB1 /* Resources */,
			);
			buildRules = (
			);
			dependencies = (
				BD5C4FAD2F3B61CC0098EFB1 /* PBXTargetDependency */,
			);
			fileSystemSynchronizedGroups = (
				BD5C4FAE2F3B61CC0098EFB1 /* HealthTracker2UITests */,
			);
			name = HealthTracker2UITests;
			packageProductDependencies = (
			);
			productName = HealthTracker2UITests;
			productReference = BD5C4FAB2F3B61CC0098EFB1 /* HealthTracker2UITests.xctest */;
			productType = "com.apple.product-type.bundle.ui-testing";
		};
/* End PBXNativeTarget section */

/* Begin PBXProject section */
		BD5C4F8A2F3B61CB0098EFB1 /* Project object */ = {
			isa = PBXProject;
			attributes = {
				BuildIndependentTargetsInParallel = 1;
				LastSwiftUpdateCheck = 2600;
				LastUpgradeCheck = 2600;
				TargetAttributes = {
					BD5C4F912F3B61CB0098EFB1 = {
						CreatedOnToolsVersion = 26.0.1;
					};
					BD5C4FA02F3B61CC0098EFB1 = {
						CreatedOnToolsVersion = 26.0.1;
						TestTargetID = BD5C4F912F3B61CB0098EFB1;
					};
					BD5C4FAA2F3B61CC0098EFB1 = {
						CreatedOnToolsVersion = 26.0.1;
						TestTargetID = BD5C4F912F3B61CB0098EFB1;
					};
				};
			};
			buildConfigurationList = BD5C4F8D2F3B61CB0098EFB1 /* Build configuration list for PBXProject "HealthTracker2" */;
			developmentRegion = en;
			hasScannedForEncodings = 0;
			knownRegions = (
				en,
				Base,
			);
			mainGroup = BD5C4F892F3B61CB0098EFB1;
			minimizedProjectReferenceProxies = 1;
			preferredProjectObjectVersion = 77;
			productRefGroup = BD5C4F932F3B61CB0098EFB1 /* Products */;
			projectDirPath = "";
			projectRoot = "";
			targets = (
				BD5C4F912F3B61CB0098EFB1 /* HealthTracker2 */,
				BD5C4FA02F3B61CC0098EFB1 /* HealthTracker2Tests */,
				BD5C4FAA2F3B61CC0098EFB1 /* HealthTracker2UITests */,
			);
		};
/* End PBXProject section */

/* Begin PBXResourcesBuildPhase section */
		BD5C4F902F3B61CB0098EFB1 /* Resources */ = {
			isa = PBXResourcesBuildPhase;
			buildActionMask = 2147483647;
			files = (
			);
			runOnlyForDeploymentPostprocessing = 0;
		};
		BD5C4F9F2F3B61CC0098EFB1 /* Resources */ = {
			isa = PBXResourcesBuildPhase;
			buildActionMask = 2147483647;
			files = (
			);
			runOnlyForDeploymentPostprocessing = 0;
		};
		BD5C4FA92F3B61CC0098EFB1 /* Resources */ = {
			isa = PBXResourcesBuildPhase;
			buildActionMask = 2147483647;
			files = (
			);
			runOnlyForDeploymentPostprocessing = 0;
		};
/* End PBXResourcesBuildPhase section */

/* Begin PBXSourcesBuildPhase section */
		BD5C4F8E2F3B61CB0098EFB1 /* Sources */ = {
			isa = PBXSourcesBuildPhase;
			buildActionMask = 2147483647;
			files = (
			);
			runOnlyForDeploymentPostprocessing = 0;
		};
		BD5C4F9D2F3B61CC0098EFB1 /* Sources */ = {
			isa = PBXSourcesBuildPhase;
			buildActionMask = 2147483647;
			files = (
			);
			runOnlyForDeploymentPostprocessing = 0;
		};
		BD5C4FA72F3B61CC0098EFB1 /* Sources */ = {
			isa = PBXSourcesBuildPhase;
			buildActionMask = 2147483647;
			files = (
			);
			runOnlyForDeploymentPostprocessing = 0;
		};
/* End PBXSourcesBuildPhase section */

/* Begin PBXTargetDependency section */
		BD5C4FA32F3B61CC0098EFB1 /* PBXTargetDependency */ = {
			isa = PBXTargetDependency;
			target = BD5C4F912F3B61CB0098EFB1 /* HealthTracker2 */;
			targetProxy = BD5C4FA22F3B61CC0098EFB1 /* PBXContainerItemProxy */;
		};
		BD5C4FAD2F3B61CC0098EFB1 /* PBXTargetDependency */ = {
			isa = PBXTargetDependency;
			target = BD5C4F912F3B61CB0098EFB1 /* HealthTracker2 */;
			targetProxy = BD5C4FAC2F3B61CC0098EFB1 /* PBXContainerItemProxy */;
		};
/* End PBXTargetDependency section */

/* Begin XCBuildConfiguration section */
		BD5C4FB32F3B61CC0098EFB1 /* Debug */ = {
			isa = XCBuildConfiguration;
			buildSettings = {
				ALWAYS_SEARCH_USER_PATHS = NO;
				ASSETCATALOG_COMPILER_GENERATE_SWIFT_ASSET_SYMBOL_EXTENSIONS = YES;
				CLANG_ANALYZER_NONNULL = YES;
				CLANG_ANALYZER_NUMBER_OBJECT_CONVERSION = YES_AGGRESSIVE;
				CLANG_CXX_LANGUAGE_STANDARD = "gnu++20";
				CLANG_ENABLE_MODULES = YES;
				CLANG_ENABLE_OBJC_ARC = YES;
				CLANG_ENABLE_OBJC_WEAK = YES;
				CLANG_WARN_BLOCK_CAPTURE_AUTORELEASING = YES;
				CLANG_WARN_BOOL_CONVERSION = YES;
				CLANG_WARN_COMMA = YES;
				CLANG_WARN_CONSTANT_CONVERSION = YES;
				CLANG_WARN_DEPRECATED_OBJC_IMPLEMENTATIONS = YES;
				CLANG_WARN_DIRECT_OBJC_ISA_USAGE = YES_ERROR;
				CLANG_WARN_DOCUMENTATION_COMMENTS = YES;
				CLANG_WARN_EMPTY_BODY = YES;
				CLANG_WARN_ENUM_CONVERSION = YES;
				CLANG_WARN_INFINITE_RECURSION = YES;
				CLANG_WARN_INT_CONVERSION = YES;
				CLANG_WARN_NON_LITERAL_NULL_CONVERSION = YES;
				CLANG_WARN_OBJC_IMPLICIT_RETAIN_SELF = YES;
				CLANG_WARN_OBJC_LITERAL_CONVERSION = YES;
				CLANG_WARN_OBJC_ROOT_CLASS = YES_ERROR;
				CLANG_WARN_QUOTED_INCLUDE_IN_FRAMEWORK_HEADER = YES;
				CLANG_WARN_RANGE_LOOP_ANALYSIS = YES;
				CLANG_WARN_STRICT_PROTOTYPES = YES;
				CLANG_WARN_SUSPICIOUS_MOVE = YES;
				CLANG_WARN_UNGUARDED_AVAILABILITY = YES_AGGRESSIVE;
				CLANG_WARN_UNREACHABLE_CODE = YES;
				CLANG_WARN__DUPLICATE_METHOD_MATCH = YES;
				COPY_PHASE_STRIP = NO;
				DEBUG_INFORMATION_FORMAT = dwarf;
				ENABLE_STRICT_OBJC_MSGSEND = YES;
				ENABLE_TESTABILITY = YES;
				ENABLE_USER_SCRIPT_SANDBOXING = YES;
				GCC_C_LANGUAGE_STANDARD = gnu17;
				GCC_DYNAMIC_NO_PIC = NO;
				GCC_NO_COMMON_BLOCKS = YES;
				GCC_OPTIMIZATION_LEVEL = 0;
				GCC_PREPROCESSOR_DEFINITIONS = (
					"DEBUG=1",
					"$(inherited)",
				);
				GCC_WARN_64_TO_32_BIT_CONVERSION = YES;
				GCC_WARN_ABOUT_RETURN_TYPE = YES_ERROR;
				GCC_WARN_UNDECLARED_SELECTOR = YES;
				GCC_WARN_UNINITIALIZED_AUTOS = YES_AGGRESSIVE;
				GCC_WARN_UNUSED_FUNCTION = YES;
				GCC_WARN_UNUSED_VARIABLE = YES;
				IPHONEOS_DEPLOYMENT_TARGET = 26.0;
				LOCALIZATION_PREFERS_STRING_CATALOGS = YES;
				MTL_ENABLE_DEBUG_INFO = INCLUDE_SOURCE;
				MTL_FAST_MATH = YES;
				ONLY_ACTIVE_ARCH = YES;
				SDKROOT = iphoneos;
				SWIFT_ACTIVE_COMPILATION_CONDITIONS = "DEBUG $(inherited)";
				SWIFT_OPTIMIZATION_LEVEL = "-Onone";
			};
			name = Debug;
		};
		BD5C4FB42F3B61CC0098EFB1 /* Release */ = {
			isa = XCBuildConfiguration;
			buildSettings = {
				ALWAYS_SEARCH_USER_PATHS = NO;
				ASSETCATALOG_COMPILER_GENERATE_SWIFT_ASSET_SYMBOL_EXTENSIONS = YES;
				CLANG_ANALYZER_NONNULL = YES;
				CLANG_ANALYZER_NUMBER_OBJECT_CONVERSION = YES_AGGRESSIVE;
				CLANG_CXX_LANGUAGE_STANDARD = "gnu++20";
				CLANG_ENABLE_MODULES = YES;
				CLANG_ENABLE_OBJC_ARC = YES;
				CLANG_ENABLE_OBJC_WEAK = YES;
				CLANG_WARN_BLOCK_CAPTURE_AUTORELEASING = YES;
				CLANG_WARN_BOOL_CONVERSION = YES;
				CLANG_WARN_COMMA = YES;
				CLANG_WARN_CONSTANT_CONVERSION = YES;
				CLANG_WARN_DEPRECATED_OBJC_IMPLEMENTATIONS = YES;
				CLANG_WARN_DIRECT_OBJC_ISA_USAGE = YES_ERROR;
				CLANG_WARN_DOCUMENTATION_COMMENTS = YES;
				CLANG_WARN_EMPTY_BODY = YES;
				CLANG_WARN_ENUM_CONVERSION = YES;
				CLANG_WARN_INFINITE_RECURSION = YES;
				CLANG_WARN_INT_CONVERSION = YES;
				CLANG_WARN_NON_LITERAL_NULL_CONVERSION = YES;
				CLANG_WARN_OBJC_IMPLICIT_RETAIN_SELF = YES;
				CLANG_WARN_OBJC_LITERAL_CONVERSION = YES;
				CLANG_WARN_OBJC_ROOT_CLASS = YES_ERROR;
				CLANG_WARN_QUOTED_INCLUDE_IN_FRAMEWORK_HEADER = YES;
				CLANG_WARN_RANGE_LOOP_ANALYSIS = YES;
				CLANG_WARN_STRICT_PROTOTYPES = YES;
				CLANG_WARN_SUSPICIOUS_MOVE = YES;
				CLANG_WARN_UNGUARDED_AVAILABILITY = YES_AGGRESSIVE;
				CLANG_WARN_UNREACHABLE_CODE = YES;
				CLANG_WARN__DUPLICATE_METHOD_MATCH = YES;
				COPY_PHASE_STRIP = NO;
				DEBUG_INFORMATION_FORMAT = "dwarf-with-dsym";
				ENABLE_NS_ASSERTIONS = NO;
				ENABLE_STRICT_OBJC_MSGSEND = YES;
				ENABLE_USER_SCRIPT_SANDBOXING = YES;
				GCC_C_LANGUAGE_STANDARD = gnu17;
				GCC_NO_COMMON_BLOCKS = YES;
				GCC_WARN_64_TO_32_BIT_CONVERSION = YES;
				GCC_WARN_ABOUT_RETURN_TYPE = YES_ERROR;
				GCC_WARN_UNDECLARED_SELECTOR = YES;
				GCC_WARN_UNINITIALIZED_AUTOS = YES_AGGRESSIVE;
				GCC_WARN_UNUSED_FUNCTION = YES;
				GCC_WARN_UNUSED_VARIABLE = YES;
				IPHONEOS_DEPLOYMENT_TARGET = 26.0;
				LOCALIZATION_PREFERS_STRING_CATALOGS = YES;
				MTL_ENABLE_DEBUG_INFO = NO;
				MTL_FAST_MATH = YES;
				SDKROOT = iphoneos;
				SWIFT_COMPILATION_MODE = wholemodule;
				VALIDATE_PRODUCT = YES;
			};
			name = Release;
		};
		BD5C4FB62F3B61CC0098EFB1 /* Debug */ = {
			isa = XCBuildConfiguration;
			buildSettings = {
				ASSETCATALOG_COMPILER_APPICON_NAME = AppIcon;
				ASSETCATALOG_COMPILER_GLOBAL_ACCENT_COLOR_NAME = AccentColor;
				CODE_SIGN_STYLE = Automatic;
				CURRENT_PROJECT_VERSION = 1;
				ENABLE_PREVIEWS = YES;
				GENERATE_INFOPLIST_FILE = YES;
				INFOPLIST_FILE = HealthTracker2/Info.plist;
				INFOPLIST_KEY_NSAccessoryTrackingUsageDescription = "We need access to use features";
				INFOPLIST_KEY_NSHealthShareUsageDescription = "Needed to grant share permission";
				INFOPLIST_KEY_UIApplicationSceneManifest_Generation = YES;
				INFOPLIST_KEY_UIApplicationSupportsIndirectInputEvents = YES;
				INFOPLIST_KEY_UILaunchScreen_Generation = YES;
				INFOPLIST_KEY_UISupportedInterfaceOrientations_iPad = "UIInterfaceOrientationPortrait UIInterfaceOrientationPortraitUpsideDown UIInterfaceOrientationLandscapeLeft UIInterfaceOrientationLandscapeRight";
				INFOPLIST_KEY_UISupportedInterfaceOrientations_iPhone = "UIInterfaceOrientationPortrait UIInterfaceOrientationLandscapeLeft UIInterfaceOrientationLandscapeRight";
				LD_RUNPATH_SEARCH_PATHS = (
					"$(inherited)",
					"@executable_path/Frameworks",
				);
				MARKETING_VERSION = 1.0;
				PRODUCT_BUNDLE_IDENTIFIER = com.kengonzalez.HealthTracker2;
				PRODUCT_NAME = "$(TARGET_NAME)";
				STRING_CATALOG_GENERATE_SYMBOLS = YES;
				SWIFT_APPROACHABLE_CONCURRENCY = YES;
				SWIFT_DEFAULT_ACTOR_ISOLATION = MainActor;
				SWIFT_EMIT_LOC_STRINGS = YES;
				SWIFT_UPCOMING_FEATURE_MEMBER_IMPORT_VISIBILITY = YES;
				SWIFT_VERSION = 5.0;
				TARGETED_DEVICE_FAMILY = "1,2";
			};
			name = Debug;
		};
		BD5C4FB72F3B61CC0098EFB1 /* Release */ = {
			isa = XCBuildConfiguration;
			buildSettings = {
				ASSETCATALOG_COMPILER_APPICON_NAME = AppIcon;
				ASSETCATALOG_COMPILER_GLOBAL_ACCENT_COLOR_NAME = AccentColor;
				CODE_SIGN_STYLE = Automatic;
				CURRENT_PROJECT_VERSION = 1;
				ENABLE_PREVIEWS = YES;
				GENERATE_INFOPLIST_FILE = YES;
				INFOPLIST_FILE = HealthTracker2/Info.plist;
				INFOPLIST_KEY_NSAccessoryTrackingUsageDescription = "We need access to use features";
				INFOPLIST_KEY_NSHealthShareUsageDescription = "Needed to grant share permission";
				INFOPLIST_KEY_UIApplicationSceneManifest_Generation = YES;
				INFOPLIST_KEY_UIApplicationSupportsIndirectInputEvents = YES;
				INFOPLIST_KEY_UILaunchScreen_Generation = YES;
				INFOPLIST_KEY_UISupportedInterfaceOrientations_iPad = "UIInterfaceOrientationPortrait UIInterfaceOrientationPortraitUpsideDown UIInterfaceOrientationLandscapeLeft UIInterfaceOrientationLandscapeRight";
				INFOPLIST_KEY_UISupportedInterfaceOrientations_iPhone = "UIInterfaceOrientationPortrait UIInterfaceOrientationLandscapeLeft UIInterfaceOrientationLandscapeRight";
				LD_RUNPATH_SEARCH_PATHS = (
					"$(inherited)",
					"@executable_path/Frameworks",
				);
				MARKETING_VERSION = 1.0;
				PRODUCT_BUNDLE_IDENTIFIER = com.kengonzalez.HealthTracker2;
				PRODUCT_NAME = "$(TARGET_NAME)";
				STRING_CATALOG_GENERATE_SYMBOLS = YES;
				SWIFT_APPROACHABLE_CONCURRENCY = YES;
				SWIFT_DEFAULT_ACTOR_ISOLATION = MainActor;
				SWIFT_EMIT_LOC_STRINGS = YES;
				SWIFT_UPCOMING_FEATURE_MEMBER_IMPORT_VISIBILITY = YES;
				SWIFT_VERSION = 5.0;
				TARGETED_DEVICE_FAMILY = "1,2";
			};
			name = Release;
		};
		BD5C4FB92F3B61CC0098EFB1 /* Debug */ = {
			isa = XCBuildConfiguration;
			buildSettings = {
				BUNDLE_LOADER = "$(TEST_HOST)";
				CODE_SIGN_STYLE = Automatic;
				CURRENT_PROJECT_VERSION = 1;
				GENERATE_INFOPLIST_FILE = YES;
				IPHONEOS_DEPLOYMENT_TARGET = 26.0;
				MARKETING_VERSION = 1.0;
				PRODUCT_BUNDLE_IDENTIFIER = com.kengonzalez.HealthTracker2Tests;
				PRODUCT_NAME = "$(TARGET_NAME)";
				STRING_CATALOG_GENERATE_SYMBOLS = NO;
				SWIFT_APPROACHABLE_CONCURRENCY = YES;
				SWIFT_EMIT_LOC_STRINGS = NO;
				SWIFT_UPCOMING_FEATURE_MEMBER_IMPORT_VISIBILITY = YES;
				SWIFT_VERSION = 5.0;
				TARGETED_DEVICE_FAMILY = "1,2";
				TEST_HOST = "$(BUILT_PRODUCTS_DIR)/HealthTracker2.app/$(BUNDLE_EXECUTABLE_FOLDER_PATH)/HealthTracker2";
			};
			name = Debug;
		};
		BD5C4FBA2F3B61CC0098EFB1 /* Release */ = {
			isa = XCBuildConfiguration;
			buildSettings = {
				BUNDLE_LOADER = "$(TEST_HOST)";
				CODE_SIGN_STYLE = Automatic;
				CURRENT_PROJECT_VERSION = 1;
				GENERATE_INFOPLIST_FILE = YES;
				IPHONEOS_DEPLOYMENT_TARGET = 26.0;
				MARKETING_VERSION = 1.0;
				PRODUCT_BUNDLE_IDENTIFIER = com.kengonzalez.HealthTracker2Tests;
				PRODUCT_NAME = "$(TARGET_NAME)";
				STRING_CATALOG_GENERATE_SYMBOLS = NO;
				SWIFT_APPROACHABLE_CONCURRENCY = YES;
				SWIFT_EMIT_LOC_STRINGS = NO;
				SWIFT_UPCOMING_FEATURE_MEMBER_IMPORT_VISIBILITY = YES;
				SWIFT_VERSION = 5.0;
				TARGETED_DEVICE_FAMILY = "1,2";
				TEST_HOST = "$(BUILT_PRODUCTS_DIR)/HealthTracker2.app/$(BUNDLE_EXECUTABLE_FOLDER_PATH)/HealthTracker2";
			};
			name = Release;
		};
		BD5C4FBC2F3B61CC0098EFB1 /* Debug */ = {
			isa = XCBuildConfiguration;
			buildSettings = {
				CODE_SIGN_STYLE = Automatic;
				CURRENT_PROJECT_VERSION = 1;
				GENERATE_INFOPLIST_FILE = YES;
				MARKETING_VERSION = 1.0;
				PRODUCT_BUNDLE_IDENTIFIER = com.kengonzalez.HealthTracker2UITests;
				PRODUCT_NAME = "$(TARGET_NAME)";
				STRING_CATALOG_GENERATE_SYMBOLS = NO;
				SWIFT_APPROACHABLE_CONCURRENCY = YES;
				SWIFT_EMIT_LOC_STRINGS = NO;
				SWIFT_UPCOMING_FEATURE_MEMBER_IMPORT_VISIBILITY = YES;
				SWIFT_VERSION = 5.0;
				TARGETED_DEVICE_FAMILY = "1,2";
				TEST_TARGET_NAME = HealthTracker2;
			};
			name = Debug;
		};
		BD5C4FBD2F3B61CC0098EFB1 /* Release */ = {
			isa = XCBuildConfiguration;
			buildSettings = {
				CODE_SIGN_STYLE = Automatic;
				CURRENT_PROJECT_VERSION = 1;
				GENERATE_INFOPLIST_FILE = YES;
				MARKETING_VERSION = 1.0;
				PRODUCT_BUNDLE_IDENTIFIER = com.kengonzalez.HealthTracker2UITests;
				PRODUCT_NAME = "$(TARGET_NAME)";
				STRING_CATALOG_GENERATE_SYMBOLS = NO;
				SWIFT_APPROACHABLE_CONCURRENCY = YES;
				SWIFT_EMIT_LOC_STRINGS = NO;
				SWIFT_UPCOMING_FEATURE_MEMBER_IMPORT_VISIBILITY = YES;
				SWIFT_VERSION = 5.0;
				TARGETED_DEVICE_FAMILY = "1,2";
				TEST_TARGET_NAME = HealthTracker2;
			};
			name = Release;
		};
/* End XCBuildConfiguration section */

/* Begin XCConfigurationList section */
		BD5C4F8D2F3B61CB0098EFB1 /* Build configuration list for PBXProject "HealthTracker2" */ = {
			isa = XCConfigurationList;
			buildConfigurations = (
				BD5C4FB32F3B61CC0098EFB1 /* Debug */,
				BD5C4FB42F3B61CC0098EFB1 /* Release */,
			);
			defaultConfigurationIsVisible = 0;
			defaultConfigurationName = Release;
		};
		BD5C4FB52F3B61CC0098EFB1 /* Build configuration list for PBXNativeTarget "HealthTracker2" */ = {
			isa = XCConfigurationList;
			buildConfigurations = (
				BD5C4FB62F3B61CC0098EFB1 /* Debug */,
				BD5C4FB72F3B61CC0098EFB1 /* Release */,
			);
			defaultConfigurationIsVisible = 0;
			defaultConfigurationName = Release;
		};
		BD5C4FB82F3B61CC0098EFB1 /* Build configuration list for PBXNativeTarget "HealthTracker2Tests" */ = {
			isa = XCConfigurationList;
			buildConfigurations = (
				BD5C4FB92F3B61CC0098EFB1 /* Debug */,
				BD5C4FBA2F3B61CC0098EFB1 /* Release */,
			);
			defaultConfigurationIsVisible = 0;
			defaultConfigurationName = Release;
		};
		BD5C4FBB2F3B61CC0098EFB1 /* Build configuration list for PBXNativeTarget "HealthTracker2UITests" */ = {
			isa = XCConfigurationList;
			buildConfigurations = (
				BD5C4FBC2F3B61CC0098EFB1 /* Debug */,
				BD5C4FBD2F3B61CC0098EFB1 /* Release */,
			);
			defaultConfigurationIsVisible = 0;
			defaultConfigurationName = Release;
		};
/* End XCConfigurationList section */
	};
	rootObject = BD5C4F8A2F3B61CB0098EFB1 /* Project object */;
}
